// !$*UTF8*$!
{
	archiveVersion = 1;
	classes = {
	};
	objectVersion = 46;
	objects = {

/* Begin PBXBuildFile section */
		51820F3A18F69DE000A1B76C /* Foundation.framework in Frameworks */ = {isa = PBXBuildFile; fileRef = 51820F3918F69DE000A1B76C /* Foundation.framework */; };
		51820F3C18F69DE000A1B76C /* CoreGraphics.framework in Frameworks */ = {isa = PBXBuildFile; fileRef = 51820F3B18F69DE000A1B76C /* CoreGraphics.framework */; };
		51820F3E18F69DE000A1B76C /* UIKit.framework in Frameworks */ = {isa = PBXBuildFile; fileRef = 51820F3D18F69DE000A1B76C /* UIKit.framework */; };
		51820F4418F69DE000A1B76C /* InfoPlist.strings in Resources */ = {isa = PBXBuildFile; fileRef = 51820F4218F69DE000A1B76C /* InfoPlist.strings */; };
		51820F4618F69DE000A1B76C /* main.m in Sources */ = {isa = PBXBuildFile; fileRef = 51820F4518F69DE000A1B76C /* main.m */; };
		51820F4A18F69DE000A1B76C /* WXSAppDelegate.m in Sources */ = {isa = PBXBuildFile; fileRef = 51820F4918F69DE000A1B76C /* WXSAppDelegate.m */; };
		51820F4D18F69DE000A1B76C /* Main.storyboard in Resources */ = {isa = PBXBuildFile; fileRef = 51820F4B18F69DE000A1B76C /* Main.storyboard */; };
		51820F5018F69DE000A1B76C /* WXSViewController.m in Sources */ = {isa = PBXBuildFile; fileRef = 51820F4F18F69DE000A1B76C /* WXSViewController.m */; };
		51820F5218F69DE000A1B76C /* Images.xcassets in Resources */ = {isa = PBXBuildFile; fileRef = 51820F5118F69DE000A1B76C /* Images.xcassets */; };
		51820F5918F69DE000A1B76C /* XCTest.framework in Frameworks */ = {isa = PBXBuildFile; fileRef = 51820F5818F69DE000A1B76C /* XCTest.framework */; };
		51820F5A18F69DE000A1B76C /* Foundation.framework in Frameworks */ = {isa = PBXBuildFile; fileRef = 51820F3918F69DE000A1B76C /* Foundation.framework */; };
		51820F5B18F69DE000A1B76C /* UIKit.framework in Frameworks */ = {isa = PBXBuildFile; fileRef = 51820F3D18F69DE000A1B76C /* UIKit.framework */; };
		51820F6318F69DE000A1B76C /* InfoPlist.strings in Resources */ = {isa = PBXBuildFile; fileRef = 51820F6118F69DE000A1B76C /* InfoPlist.strings */; };
		51820F6518F69DE000A1B76C /* XGitDemoTests.m in Sources */ = {isa = PBXBuildFile; fileRef = 51820F6418F69DE000A1B76C /* XGitDemoTests.m */; };
/* End PBXBuildFile section */

/* Begin PBXContainerItemProxy section */
		51820F5C18F69DE000A1B76C /* PBXContainerItemProxy */ = {
			isa = PBXContainerItemProxy;
			containerPortal = 51820F2E18F69DDF00A1B76C /* Project object */;
			proxyType = 1;
			remoteGlobalIDString = 51820F3518F69DE000A1B76C;
			remoteInfo = XGitDemo;
		};
/* End PBXContainerItemProxy section */

/* Begin PBXFileReference section */
		51820F3618F69DE000A1B76C /* XGitDemo.app */ = {isa = PBXFileReference; explicitFileType = wrapper.application; includeInIndex = 0; path = XGitDemo.app; sourceTree = BUILT_PRODUCTS_DIR; };
		51820F3918F69DE000A1B76C /* Foundation.framework */ = {isa = PBXFileReference; lastKnownFileType = wrapper.framework; name = Foundation.framework; path = System/Library/Frameworks/Foundation.framework; sourceTree = SDKROOT; };
		51820F3B18F69DE000A1B76C /* CoreGraphics.framework */ = {isa = PBXFileReference; lastKnownFileType = wrapper.framework; name = CoreGraphics.framework; path = System/Library/Frameworks/CoreGraphics.framework; sourceTree = SDKROOT; };
		51820F3D18F69DE000A1B76C /* UIKit.framework */ = {isa = PBXFileReference; lastKnownFileType = wrapper.framework; name = UIKit.framework; path = System/Library/Frameworks/UIKit.framework; sourceTree = SDKROOT; };
		51820F4118F69DE000A1B76C /* XGitDemo-Info.plist */ = {isa = PBXFileReference; lastKnownFileType = text.plist.xml; path = "XGitDemo-Info.plist"; sourceTree = "<group>"; };
		51820F4318F69DE000A1B76C /* en */ = {isa = PBXFileReference; lastKnownFileType = text.plist.strings; name = en; path = en.lproj/InfoPlist.strings; sourceTree = "<group>"; };
		51820F4518F69DE000A1B76C /* main.m */ = {isa = PBXFileReference; lastKnownFileType = sourcecode.c.objc; path = main.m; sourceTree = "<group>"; };
		51820F4718F69DE000A1B76C /* XGitDemo-Prefix.pch */ = {isa = PBXFileReference; lastKnownFileType = sourcecode.c.h; path = "XGitDemo-Prefix.pch"; sourceTree = "<group>"; };
		51820F4818F69DE000A1B76C /* WXSAppDelegate.h */ = {isa = PBXFileReference; lastKnownFileType = sourcecode.c.h; path = WXSAppDelegate.h; sourceTree = "<group>"; };
		51820F4918F69DE000A1B76C /* WXSAppDelegate.m */ = {isa = PBXFileReference; lastKnownFileType = sourcecode.c.objc; path = WXSAppDelegate.m; sourceTree = "<group>"; };
		51820F4C18F69DE000A1B76C /* Base */ = {isa = PBXFileReference; lastKnownFileType = file.storyboard; name = Base; path = Base.lproj/Main.storyboard; sourceTree = "<group>"; };
		51820F4E18F69DE000A1B76C /* WXSViewController.h */ = {isa = PBXFileReference; lastKnownFileType = sourcecode.c.h; path = WXSViewController.h; sourceTree = "<group>"; };
		51820F4F18F69DE000A1B76C /* WXSViewController.m */ = {isa = PBXFileReference; lastKnownFileType = sourcecode.c.objc; path = WXSViewController.m; sourceTree = "<group>"; };
		51820F5118F69DE000A1B76C /* Images.xcassets */ = {isa = PBXFileReference; lastKnownFileType = folder.assetcatalog; path = Images.xcassets; sourceTree = "<group>"; };
		51820F5718F69DE000A1B76C /* XGitDemoTests.xctest */ = {isa = PBXFileReference; explicitFileType = wrapper.cfbundle; includeInIndex = 0; path = XGitDemoTests.xctest; sourceTree = BUILT_PRODUCTS_DIR; };
		51820F5818F69DE000A1B76C /* XCTest.framework */ = {isa = PBXFileReference; lastKnownFileType = wrapper.framework; name = XCTest.framework; path = Library/Frameworks/XCTest.framework; sourceTree = DEVELOPER_DIR; };
		51820F6018F69DE000A1B76C /* XGitDemoTests-Info.plist */ = {isa = PBXFileReference; lastKnownFileType = text.plist.xml; path = "XGitDemoTests-Info.plist"; sourceTree = "<group>"; };
		51820F6218F69DE000A1B76C /* en */ = {isa = PBXFileReference; lastKnownFileType = text.plist.strings; name = en; path = en.lproj/InfoPlist.strings; sourceTree = "<group>"; };
		51820F6418F69DE000A1B76C /* XGitDemoTests.m */ = {isa = PBXFileReference; lastKnownFileType = sourcecode.c.objc; path = XGitDemoTests.m; sourceTree = "<group>"; };
/* End PBXFileReference section */

/* Begin PBXFrameworksBuildPhase section */
		51820F3318F69DE000A1B76C /* Frameworks */ = {
			isa = PBXFrameworksBuildPhase;
			buildActionMask = 2147483647;
			files = (
				51820F3C18F69DE000A1B76C /* CoreGraphics.framework in Frameworks */,
				51820F3E18F69DE000A1B76C /* UIKit.framework in Frameworks */,
				51820F3A18F69DE000A1B76C /* Foundation.framework in Frameworks */,
			);
			runOnlyForDeploymentPostprocessing = 0;
		};
		51820F5418F69DE000A1B76C /* Frameworks */ = {
			isa = PBXFrameworksBuildPhase;
			buildActionMask = 2147483647;
			files = (
				51820F5918F69DE000A1B76C /* XCTest.framework in Frameworks */,
				51820F5B18F69DE000A1B76C /* UIKit.framework in Frameworks */,
				51820F5A18F69DE000A1B76C /* Foundation.framework in Frameworks */,
			);
			runOnlyForDeploymentPostprocessing = 0;
		};
/* End PBXFrameworksBuildPhase section */

/* Begin PBXGroup section */
		51820F2D18F69DDF00A1B76C = {
			isa = PBXGroup;
			children = (
				51820F3F18F69DE000A1B76C /* XGitDemo */,
				51820F5E18F69DE000A1B76C /* XGitDemoTests */,
				51820F3818F69DE000A1B76C /* Frameworks */,
				51820F3718F69DE000A1B76C /* Products */,
			);
			sourceTree = "<group>";
		};
		51820F3718F69DE000A1B76C /* Products */ = {
			isa = PBXGroup;
			children = (
				51820F3618F69DE000A1B76C /* XGitDemo.app */,
				51820F5718F69DE000A1B76C /* XGitDemoTests.xctest */,
			);
			name = Products;
			sourceTree = "<group>";
		};
		51820F3818F69DE000A1B76C /* Frameworks */ = {
			isa = PBXGroup;
			children = (
				51820F3918F69DE000A1B76C /* Foundation.framework */,
				51820F3B18F69DE000A1B76C /* CoreGraphics.framework */,
				51820F3D18F69DE000A1B76C /* UIKit.framework */,
				51820F5818F69DE000A1B76C /* XCTest.framework */,
			);
			name = Frameworks;
			sourceTree = "<group>";
		};
		51820F3F18F69DE000A1B76C /* XGitDemo */ = {
			isa = PBXGroup;
			children = (
				51820F4818F69DE000A1B76C /* WXSAppDelegate.h */,
				51820F4918F69DE000A1B76C /* WXSAppDelegate.m */,
				51820F4B18F69DE000A1B76C /* Main.storyboard */,
				51820F4E18F69DE000A1B76C /* WXSViewController.h */,
				51820F4F18F69DE000A1B76C /* WXSViewController.m */,
				51820F5118F69DE000A1B76C /* Images.xcassets */,
				51820F4018F69DE000A1B76C /* Supporting Files */,
			);
			path = XGitDemo;
			sourceTree = "<group>";
		};
		51820F4018F69DE000A1B76C /* Supporting Files */ = {
			isa = PBXGroup;
			children = (
				51820F4118F69DE000A1B76C /* XGitDemo-Info.plist */,
				51820F4218F69DE000A1B76C /* InfoPlist.strings */,
				51820F4518F69DE000A1B76C /* main.m */,
				51820F4718F69DE000A1B76C /* XGitDemo-Prefix.pch */,
			);
			name = "Supporting Files";
			sourceTree = "<group>";
		};
		51820F5E18F69DE000A1B76C /* XGitDemoTests */ = {
			isa = PBXGroup;
			children = (
				51820F6418F69DE000A1B76C /* XGitDemoTests.m */,
				51820F5F18F69DE000A1B76C /* Supporting Files */,
			);
			path = XGitDemoTests;
			sourceTree = "<group>";
		};
		51820F5F18F69DE000A1B76C /* Supporting Files */ = {
			isa = PBXGroup;
			children = (
				51820F6018F69DE000A1B76C /* XGitDemoTests-Info.plist */,
				51820F6118F69DE000A1B76C /* InfoPlist.strings */,
			);
			name = "Supporting Files";
			sourceTree = "<group>";
		};
/* End PBXGroup section */

/* Begin PBXNativeTarget section */
		51820F3518F69DE000A1B76C /* XGitDemo */ = {
			isa = PBXNativeTarget;
			buildConfigurationList = 51820F6818F69DE000A1B76C /* Build configuration list for PBXNativeTarget "XGitDemo" */;
			buildPhases = (
				51820F3218F69DE000A1B76C /* Sources */,
				51820F3318F69DE000A1B76C /* Frameworks */,
				51820F3418F69DE000A1B76C /* Resources */,
			);
			buildRules = (
			);
			dependencies = (
			);
			name = XGitDemo;
			productName = XGitDemo;
			productReference = 51820F3618F69DE000A1B76C /* XGitDemo.app */;
			productType = "com.apple.product-type.application";
		};
		51820F5618F69DE000A1B76C /* XGitDemoTests */ = {
			isa = PBXNativeTarget;
			buildConfigurationList = 51820F6B18F69DE000A1B76C /* Build configuration list for PBXNativeTarget "XGitDemoTests" */;
			buildPhases = (
				51820F5318F69DE000A1B76C /* Sources */,
				51820F5418F69DE000A1B76C /* Frameworks */,
				51820F5518F69DE000A1B76C /* Resources */,
			);
			buildRules = (
			);
			dependencies = (
				51820F5D18F69DE000A1B76C /* PBXTargetDependency */,
			);
			name = XGitDemoTests;
			productName = XGitDemoTests;
			productReference = 51820F5718F69DE000A1B76C /* XGitDemoTests.xctest */;
			productType = "com.apple.product-type.bundle.unit-test";
		};
/* End PBXNativeTarget section */

/* Begin PBXProject section */
		51820F2E18F69DDF00A1B76C /* Project object */ = {
			isa = PBXProject;
			attributes = {
				CLASSPREFIX = WXS;
				LastUpgradeCheck = 0500;
				ORGANIZATIONNAME = "w-002";
				TargetAttributes = {
					51820F5618F69DE000A1B76C = {
						TestTargetID = 51820F3518F69DE000A1B76C;
					};
				};
			};
			buildConfigurationList = 51820F3118F69DDF00A1B76C /* Build configuration list for PBXProject "XGitDemo" */;
			compatibilityVersion = "Xcode 3.2";
			developmentRegion = English;
			hasScannedForEncodings = 0;
			knownRegions = (
				en,
				Base,
			);
			mainGroup = 51820F2D18F69DDF00A1B76C;
			productRefGroup = 51820F3718F69DE000A1B76C /* Products */;
			projectDirPath = "";
			projectRoot = "";
			targets = (
				51820F3518F69DE000A1B76C /* XGitDemo */,
				51820F5618F69DE000A1B76C /* XGitDemoTests */,
			);
		};
/* End PBXProject section */

/* Begin PBXResourcesBuildPhase section */
		51820F3418F69DE000A1B76C /* Resources */ = {
			isa = PBXResourcesBuildPhase;
			buildActionMask = 2147483647;
			files = (
				51820F5218F69DE000A1B76C /* Images.xcassets in Resources */,
				51820F4418F69DE000A1B76C /* InfoPlist.strings in Resources */,
				51820F4D18F69DE000A1B76C /* Main.storyboard in Resources */,
			);
			runOnlyForDeploymentPostprocessing = 0;
		};
		51820F5518F69DE000A1B76C /* Resources */ = {
			isa = PBXResourcesBuildPhase;
			buildActionMask = 2147483647;
			files = (
				51820F6318F69DE000A1B76C /* InfoPlist.strings in Resources */,
			);
			runOnlyForDeploymentPostprocessing = 0;
		};
/* End PBXResourcesBuildPhase section */

/* Begin PBXSourcesBuildPhase section */
		51820F3218F69DE000A1B76C /* Sources */ = {
			isa = PBXSourcesBuildPhase;
			buildActionMask = 2147483647;
			files = (
				51820F5018F69DE000A1B76C /* WXSViewController.m in Sources */,
				51820F4618F69DE000A1B76C /* main.m in Sources */,
				51820F4A18F69DE000A1B76C /* WXSAppDelegate.m in Sources */,
			);
			runOnlyForDeploymentPostprocessing = 0;
		};
		51820F5318F69DE000A1B76C /* Sources */ = {
			isa = PBXSourcesBuildPhase;
			buildActionMask = 2147483647;
			files = (
				51820F6518F69DE000A1B76C /* XGitDemoTests.m in Sources */,
			);
			runOnlyForDeploymentPostprocessing = 0;
		};
/* End PBXSourcesBuildPhase section */

/* Begin PBXTargetDependency section */
		51820F5D18F69DE000A1B76C /* PBXTargetDependency */ = {
			isa = PBXTargetDependency;
			target = 51820F3518F69DE000A1B76C /* XGitDemo */;
			targetProxy = 51820F5C18F69DE000A1B76C /* PBXContainerItemProxy */;
		};
/* End PBXTargetDependency section */

/* Begin PBXVariantGroup section */
		51820F4218F69DE000A1B76C /* InfoPlist.strings */ = {
			isa = PBXVariantGroup;
			children = (
				51820F4318F69DE000A1B76C /* en */,
			);
			name = InfoPlist.strings;
			sourceTree = "<group>";
		};
		51820F4B18F69DE000A1B76C /* Main.storyboard */ = {
			isa = PBXVariantGroup;
			children = (
				51820F4C18F69DE000A1B76C /* Base */,
			);
			name = Main.storyboard;
			sourceTree = "<group>";
		};
		51820F6118F69DE000A1B76C /* InfoPlist.strings */ = {
			isa = PBXVariantGroup;
			children = (
				51820F6218F69DE000A1B76C /* en */,
			);
			name = InfoPlist.strings;
			sourceTree = "<group>";
		};
/* End PBXVariantGroup section */

/* Begin XCBuildConfiguration section */
		51820F6618F69DE000A1B76C /* Debug */ = {
			isa = XCBuildConfiguration;
			buildSettings = {
				ALWAYS_SEARCH_USER_PATHS = NO;
				ARCHS = "$(ARCHS_STANDARD_INCLUDING_64_BIT)";
				CLANG_CXX_LANGUAGE_STANDARD = "gnu++0x";
				CLANG_CXX_LIBRARY = "libc++";
				CLANG_ENABLE_MODULES = YES;
				CLANG_ENABLE_OBJC_ARC = YES;
				CLANG_WARN_BOOL_CONVERSION = YES;
				CLANG_WARN_CONSTANT_CONVERSION = YES;
				CLANG_WARN_DIRECT_OBJC_ISA_USAGE = YES_ERROR;
				CLANG_WARN_EMPTY_BODY = YES;
				CLANG_WARN_ENUM_CONVERSION = YES;
				CLANG_WARN_INT_CONVERSION = YES;
				CLANG_WARN_OBJC_ROOT_CLASS = YES_ERROR;
				CLANG_WARN__DUPLICATE_METHOD_MATCH = YES;
				"CODE_SIGN_IDENTITY[sdk=iphoneos*]" = "iPhone Developer";
				COPY_PHASE_STRIP = NO;
				GCC_C_LANGUAGE_STANDARD = gnu99;
				GCC_DYNAMIC_NO_PIC = NO;
				GCC_OPTIMIZATION_LEVEL = 0;
				GCC_PREPROCESSOR_DEFINITIONS = (
					"DEBUG=1",
					"$(inherited)",
				);
				GCC_SYMBOLS_PRIVATE_EXTERN = NO;
				GCC_WARN_64_TO_32_BIT_CONVERSION = YES;
				GCC_WARN_ABOUT_RETURN_TYPE = YES_ERROR;
				GCC_WARN_UNDECLARED_SELECTOR = YES;
				GCC_WARN_UNINITIALIZED_AUTOS = YES;
				GCC_WARN_UNUSED_FUNCTION = YES;
				GCC_WARN_UNUSED_VARIABLE = YES;
				IPHONEOS_DEPLOYMENT_TARGET = 7.0;
				ONLY_ACTIVE_ARCH = YES;
				SDKROOT = iphoneos;
			};
			name = Debug;
		};
		51820F6718F69DE000A1B76C /* Release */ = {
			isa = XCBuildConfiguration;
			buildSettings = {
				ALWAYS_SEARCH_USER_PATHS = NO;
				ARCHS = "$(ARCHS_STANDARD_INCLUDING_64_BIT)";
				CLANG_CXX_LANGUAGE_STANDARD = "gnu++0x";
				CLANG_CXX_LIBRARY = "libc++";
				CLANG_ENABLE_MODULES = YES;
				CLANG_ENABLE_OBJC_ARC = YES;
				CLANG_WARN_BOOL_CONVERSION = YES;
				CLANG_WARN_CONSTANT_CONVERSION = YES;
				CLANG_WARN_DIRECT_OBJC_ISA_USAGE = YES_ERROR;
				CLANG_WARN_EMPTY_BODY = YES;
				CLANG_WARN_ENUM_CONVERSION = YES;
				CLANG_WARN_INT_CONVERSION = YES;
				CLANG_WARN_OBJC_ROOT_CLASS = YES_ERROR;
				CLANG_WARN__DUPLICATE_METHOD_MATCH = YES;
				"CODE_SIGN_IDENTITY[sdk=iphoneos*]" = "iPhone Developer";
				COPY_PHASE_STRIP = YES;
				ENABLE_NS_ASSERTIONS = NO;
				GCC_C_LANGUAGE_STANDARD = gnu99;
				GCC_WARN_64_TO_32_BIT_CONVERSION = YES;
				GCC_WARN_ABOUT_RETURN_TYPE = YES_ERROR;
				GCC_WARN_UNDECLARED_SELECTOR = YES;
				GCC_WARN_UNINITIALIZED_AUTOS = YES;
				GCC_WARN_UNUSED_FUNCTION = YES;
				GCC_WARN_UNUSED_VARIABLE = YES;
				IPHONEOS_DEPLOYMENT_TARGET = 7.0;
				SDKROOT = iphoneos;
				VALIDATE_PRODUCT = YES;
			};
			name = Release;
		};
		51820F6918F69DE000A1B76C /* Debug */ = {
			isa = XCBuildConfiguration;
			buildSettings = {
				ASSETCATALOG_COMPILER_APPICON_NAME = AppIcon;
				ASSETCATALOG_COMPILER_LAUNCHIMAGE_NAME = LaunchImage;
				GCC_PRECOMPILE_PREFIX_HEADER = YES;
				GCC_PREFIX_HEADER = "XGitDemo/XGitDemo-Prefix.pch";
				INFOPLIST_FILE = "XGitDemo/XGitDemo-Info.plist";
				PRODUCT_NAME = "$(TARGET_NAME)";
				WRAPPER_EXTENSION = app;
			};
			name = Debug;
		};
		51820F6A18F69DE000A1B76C /* Release */ = {
			isa = XCBuildConfiguration;
			buildSettings = {
				ASSETCATALOG_COMPILER_APPICON_NAME = AppIcon;
				ASSETCATALOG_COMPILER_LAUNCHIMAGE_NAME = LaunchImage;
				GCC_PRECOMPILE_PREFIX_HEADER = YES;
				GCC_PREFIX_HEADER = "XGitDemo/XGitDemo-Prefix.pch";
				INFOPLIST_FILE = "XGitDemo/XGitDemo-Info.plist";
				PRODUCT_NAME = "$(TARGET_NAME)";
				WRAPPER_EXTENSION = app;
			};
			name = Release;
		};
		51820F6C18F69DE000A1B76C /* Debug */ = {
			isa = XCBuildConfiguration;
			buildSettings = {
				ARCHS = "$(ARCHS_STANDARD_INCLUDING_64_BIT)";
				BUNDLE_LOADER = "$(BUILT_PRODUCTS_DIR)/XGitDemo.app/XGitDemo";
				FRAMEWORK_SEARCH_PATHS = (
					"$(SDKROOT)/Developer/Library/Frameworks",
					"$(inherited)",
					"$(DEVELOPER_FRAMEWORKS_DIR)",
				);
				GCC_PRECOMPILE_PREFIX_HEADER = YES;
				GCC_PREFIX_HEADER = "XGitDemo/XGitDemo-Prefix.pch";
				GCC_PREPROCESSOR_DEFINITIONS = (
					"DEBUG=1",
					"$(inherited)",
				);
				INFOPLIST_FILE = "XGitDemoTests/XGitDemoTests-Info.plist";
				PRODUCT_NAME = "$(TARGET_NAME)";
				TEST_HOST = "$(BUNDLE_LOADER)";
				WRAPPER_EXTENSION = xctest;
			};
			name = Debug;
		};
		51820F6D18F69DE000A1B76C /* Release */ = {
			isa = XCBuildConfiguration;
			buildSettings = {
				ARCHS = "$(ARCHS_STANDARD_INCLUDING_64_BIT)";
				BUNDLE_LOADER = "$(BUILT_PRODUCTS_DIR)/XGitDemo.app/XGitDemo";
				FRAMEWORK_SEARCH_PATHS = (
					"$(SDKROOT)/Developer/Library/Frameworks",
					"$(inherited)",
					"$(DEVELOPER_FRAMEWORKS_DIR)",
				);
				GCC_PRECOMPILE_PREFIX_HEADER = YES;
				GCC_PREFIX_HEADER = "XGitDemo/XGitDemo-Prefix.pch";
				INFOPLIST_FILE = "XGitDemoTests/XGitDemoTests-Info.plist";
				PRODUCT_NAME = "$(TARGET_NAME)";
				TEST_HOST = "$(BUNDLE_LOADER)";
				WRAPPER_EXTENSION = xctest;
			};
			name = Release;
		};
/* End XCBuildConfiguration section */

/* Begin XCConfigurationList section */
		51820F3118F69DDF00A1B76C /* Build configuration list for PBXProject "XGitDemo" */ = {
			isa = XCConfigurationList;
			buildConfigurations = (
				51820F6618F69DE000A1B76C /* Debug */,
				51820F6718F69DE000A1B76C /* Release */,
			);
			defaultConfigurationIsVisible = 0;
			defaultConfigurationName = Release;
		};
		51820F6818F69DE000A1B76C /* Build configuration list for PBXNativeTarget "XGitDemo" */ = {
			isa = XCConfigurationList;
			buildConfigurations = (
				51820F6918F69DE000A1B76C /* Debug */,
				51820F6A18F69DE000A1B76C /* Release */,
			);
			defaultConfigurationIsVisible = 0;
		};
		51820F6B18F69DE000A1B76C /* Build configuration list for PBXNativeTarget "XGitDemoTests" */ = {
			isa = XCConfigurationList;
			buildConfigurations = (
				51820F6C18F69DE000A1B76C /* Debug */,
				51820F6D18F69DE000A1B76C /* Release */,
			);
			defaultConfigurationIsVisible = 0;
		};
/* End XCConfigurationList section */
	};
	rootObject = 51820F2E18F69DDF00A1B76C /* Project object */;
}
